
Microsoft Visual Studio Solution File, Format Version 12.00
# Visual Studio Version 17
VisualStudioVersion = 17.9.34728.123
MinimumVisualStudioVersion = 10.0.40219.1
Project("{9A19103F-16F7-4668-BE54-9A1E7A4F7556}") = "WebAPI", "WebAPI\WebAPI.csproj", "{90F0955F-6E56-46B9-8BD2-D170E4C41620}"
EndProject
Project("{9A19103F-16F7-4668-BE54-9A1E7A4F7556}") = "Business", "Business\Business.csproj", "{4674DB9E-D0D9-4473-BC01-FB82C8333BCD}"
EndProject
Project("{9A19103F-16F7-4668-BE54-9A1E7A4F7556}") = "Entities", "Entities\Entities.csproj", "{3D50B18C-1110-4E98-ACDA-CAF5189F9413}"
EndProject
Project("{9A19103F-16F7-4668-BE54-9A1E7A4F7556}") = "DataAccess", "DataAccess\DataAccess.csproj", "{A5DE8565-A0FD-4349-9C40-761FE5AE0CB3}"
EndProject
Project("{9A19103F-16F7-4668-BE54-9A1E7A4F7556}") = "Core", "Core\Core.csproj", "{13528E82-3A61-4E8E-BD48-39608D3C00E7}"
EndProject
Global
	GlobalSection(SolutionConfigurationPlatforms) = preSolution
		Debug|Any CPU = Debug|Any CPU
		Release|Any CPU = Release|Any CPU
	EndGlobalSection
	GlobalSection(ProjectConfigurationPlatforms) = postSolution
		{90F0955F-6E56-46B9-8BD2-D170E4C41620}.Debug|Any CPU.ActiveCfg = Debug|Any CPU
		{90F0955F-6E56-46B9-8BD2-D170E4C41620}.Debug|Any CPU.Build.0 = Debug|Any CPU
		{90F0955F-6E56-46B9-8BD2-D170E4C41620}.Release|Any CPU.ActiveCfg = Release|Any CPU
		{90F0955F-6E56-46B9-8BD2-D170E4C41620}.Release|Any CPU.Build.0 = Release|Any CPU
		{4674DB9E-D0D9-4473-BC01-FB82C8333BCD}.Debug|Any CPU.ActiveCfg = Debug|Any CPU
		{4674DB9E-D0D9-4473-BC01-FB82C8333BCD}.Debug|Any CPU.Build.0 = Debug|Any CPU
		{4674DB9E-D0D9-4473-BC01-FB82C8333BCD}.Release|Any CPU.ActiveCfg = Release|Any CPU
		{4674DB9E-D0D9-4473-BC01-FB82C8333BCD}.Release|Any CPU.Build.0 = Release|Any CPU
		{3D50B18C-1110-4E98-ACDA-CAF5189F9413}.Debug|Any CPU.ActiveCfg = Debug|Any CPU
		{3D50B18C-1110-4E98-ACDA-CAF5189F9413}.Debug|Any CPU.Build.0 = Debug|Any CPU
		{3D50B18C-1110-4E98-ACDA-CAF5189F9413}.Release|Any CPU.ActiveCfg = Release|Any CPU
		{3D50B18C-1110-4E98-ACDA-CAF5189F9413}.Release|Any CPU.Build.0 = Release|Any CPU
		{A5DE8565-A0FD-4349-9C40-761FE5AE0CB3}.Debug|Any CPU.ActiveCfg = Debug|Any CPU
		{A5DE8565-A0FD-4349-9C40-761FE5AE0CB3}.Debug|Any CPU.Build.0 = Debug|Any CPU
		{A5DE8565-A0FD-4349-9C40-761FE5AE0CB3}.Release|Any CPU.ActiveCfg = Release|Any CPU
		{A5DE8565-A0FD-4349-9C40-761FE5AE0CB3}.Release|Any CPU.Build.0 = Release|Any CPU
		{13528E82-3A61-4E8E-BD48-39608D3C00E7}.Debug|Any CPU.ActiveCfg = Debug|Any CPU
		{13528E82-3A61-4E8E-BD48-39608D3C00E7}.Debug|Any CPU.Build.0 = Debug|Any CPU
		{13528E82-3A61-4E8E-BD48-39608D3C00E7}.Release|Any CPU.ActiveCfg = Release|Any CPU
		{13528E82-3A61-4E8E-BD48-39608D3C00E7}.Release|Any CPU.Build.0 = Release|Any CPU
	EndGlobalSection
	GlobalSection(SolutionProperties) = preSolution
		HideSolutionNode = FALSE
	EndGlobalSection
	GlobalSection(ExtensibilityGlobals) = postSolution
		SolutionGuid = {533D4972-618D-4B4F-81FC-C8E74A90FB24}
	EndGlobalSection
EndGlobal
